
Microsoft Visual Studio Solution File, Format Version 12.00
# Visual Studio Version 17
VisualStudioVersion = 17.14.36518.9 d17.14
MinimumVisualStudioVersion = 10.0.40219.1
Project("{FAE04EC0-301F-11D3-BF4B-00C04F79EFBC}") = "ProjetoIntegrador", "ProjetoIntegrador.csproj", "{D751705A-9D66-46FF-8983-375D583E65FC}"
EndProject
Global
	GlobalSection(SolutionConfigurationPlatforms) = preSolution
		Debug|Any CPU = Debug|Any CPU
		Release|Any CPU = Release|Any CPU
	EndGlobalSection
	GlobalSection(ProjectConfigurationPlatforms) = postSolution
		{D751705A-9D66-46FF-8983-375D583E65FC}.Debug|Any CPU.ActiveCfg = Debug|Any CPU
		{D751705A-9D66-46FF-8983-375D583E65FC}.Debug|Any CPU.Build.0 = Debug|Any CPU
		{D751705A-9D66-46FF-8983-375D583E65FC}.Release|Any CPU.ActiveCfg = Release|Any CPU
		{D751705A-9D66-46FF-8983-375D583E65FC}.Release|Any CPU.Build.0 = Release|Any CPU
	EndGlobalSection
	GlobalSection(SolutionProperties) = preSolution
		HideSolutionNode = FALSE
	EndGlobalSection
	GlobalSection(ExtensibilityGlobals) = postSolution
		SolutionGuid = {3CE29DFD-73AE-4B7F-88A8-854B3B2918FD}
	EndGlobalSection
EndGlobal
